
Microsoft Visual Studio Solution File, Format Version 12.00
# Visual Studio Version 16
VisualStudioVersion = 16.0.29519.87
MinimumVisualStudioVersion = 10.0.40219.1
Project("{F184B08F-C81C-45F6-A57F-5ABD9991F28F}") = "Project Manager System", "Project Manager System\Project Manager System.vbproj", "{9128E56F-349C-4953-8ED9-1CB857841630}"
EndProject
Global
	GlobalSection(SolutionConfigurationPlatforms) = preSolution
		Debug|Any CPU = Debug|Any CPU
		Release|Any CPU = Release|Any CPU
	EndGlobalSection
	GlobalSection(ProjectConfigurationPlatforms) = postSolution
		{9128E56F-349C-4953-8ED9-1CB857841630}.Debug|Any CPU.ActiveCfg = Debug|Any CPU
		{9128E56F-349C-4953-8ED9-1CB857841630}.Debug|Any CPU.Build.0 = Debug|Any CPU
		{9128E56F-349C-4953-8ED9-1CB857841630}.Release|Any CPU.ActiveCfg = Release|Any CPU
		{9128E56F-349C-4953-8ED9-1CB857841630}.Release|Any CPU.Build.0 = Release|Any CPU
	EndGlobalSection
	GlobalSection(SolutionProperties) = preSolution
		HideSolutionNode = FALSE
	EndGlobalSection
	GlobalSection(ExtensibilityGlobals) = postSolution
		SolutionGuid = {865851D4-5C67-4050-8AF1-2BD085D61A33}
	EndGlobalSection
EndGlobal
